// !$*UTF8*$!
{
	archiveVersion = 1;
	classes = {
	};
	objectVersion = 48;
	objects = {

/* Begin PBXBuildFile section */
		2C7A814B20A1A33400637D0D /* DYDemoViewController.m in Sources */ = {isa = PBXBuildFile; fileRef = 2C7A814920A1A33400637D0D /* DYDemoViewController.m */; };
		60B0E67320909DF1006C57F6 /* AppDelegate.m in Sources */ = {isa = PBXBuildFile; fileRef = 60B0E67220909DF1006C57F6 /* AppDelegate.m */; };
		60B0E67620909DF1006C57F6 /* ViewController.m in Sources */ = {isa = PBXBuildFile; fileRef = 60B0E67520909DF1006C57F6 /* ViewController.m */; };
		60B0E67920909DF1006C57F6 /* Main.storyboard in Resources */ = {isa = PBXBuildFile; fileRef = 60B0E67720909DF1006C57F6 /* Main.storyboard */; };
		60B0E67B20909DF1006C57F6 /* Assets.xcassets in Resources */ = {isa = PBXBuildFile; fileRef = 60B0E67A20909DF1006C57F6 /* Assets.xcassets */; };
		60B0E67E20909DF1006C57F6 /* LaunchScreen.storyboard in Resources */ = {isa = PBXBuildFile; fileRef = 60B0E67C20909DF1006C57F6 /* LaunchScreen.storyboard */; };
		60B0E68120909DF1006C57F6 /* main.m in Sources */ = {isa = PBXBuildFile; fileRef = 60B0E68020909DF1006C57F6 /* main.m */; };
		60B0E68B20909DF1006C57F6 /* YiChuangDemoTests.m in Sources */ = {isa = PBXBuildFile; fileRef = 60B0E68A20909DF1006C57F6 /* YiChuangDemoTests.m */; };
		60B0E69620909DF1006C57F6 /* YiChuangDemoUITests.m in Sources */ = {isa = PBXBuildFile; fileRef = 60B0E69520909DF1006C57F6 /* YiChuangDemoUITests.m */; };
		A9694F4F2A6CF90AE05B99FF /* libPods-YiChuangDemo.a in Frameworks */ = {isa = PBXBuildFile; fileRef = EBBEBB1DC11ABEB5FC59772D /* libPods-YiChuangDemo.a */; };
		F609787D20A463DD006354BA /* YiChuangLibrary.framework in Frameworks */ = {isa = PBXBuildFile; fileRef = F609787720A463DD006354BA /* YiChuangLibrary.framework */; };
		F609787E20A463DD006354BA /* dy_dingpan.db in Resources */ = {isa = PBXBuildFile; fileRef = F609787920A463DD006354BA /* dy_dingpan.db */; };
		F609787F20A463DD006354BA /* DYAppearance.bundle in Resources */ = {isa = PBXBuildFile; fileRef = F609787A20A463DD006354BA /* DYAppearance.bundle */; };
		F609788020A463DD006354BA /* YiChuangLibrary.bundle in Resources */ = {isa = PBXBuildFile; fileRef = F609787B20A463DD006354BA /* YiChuangLibrary.bundle */; };
		F62F5B24209340C100F88621 /* Security.framework in Frameworks */ = {isa = PBXBuildFile; fileRef = F62F5B23209340C000F88621 /* Security.framework */; };
		F62F5B26209340CC00F88621 /* Foundation.framework in Frameworks */ = {isa = PBXBuildFile; fileRef = F62F5B25209340CC00F88621 /* Foundation.framework */; };
		F62F5B28209340D800F88621 /* CFNetwork.framework in Frameworks */ = {isa = PBXBuildFile; fileRef = F62F5B27209340D700F88621 /* CFNetwork.framework */; };
		F62F5B2A209340E800F88621 /* libicucore.tbd in Frameworks */ = {isa = PBXBuildFile; fileRef = F62F5B29209340E800F88621 /* libicucore.tbd */; };
		F6DDFCA62091B10F007B074D /* YCAPPRootViewController.m in Sources */ = {isa = PBXBuildFile; fileRef = F6DDFCA52091B10F007B074D /* YCAPPRootViewController.m */; };
		F6DDFCA92091BB04007B074D /* YCTabBarViewController.m in Sources */ = {isa = PBXBuildFile; fileRef = F6DDFCA82091BB04007B074D /* YCTabBarViewController.m */; };
/* End PBXBuildFile section */

/* Begin PBXContainerItemProxy section */
		60B0E68720909DF1006C57F6 /* PBXContainerItemProxy */ = {
			isa = PBXContainerItemProxy;
			containerPortal = 60B0E66620909DF0006C57F6 /* Project object */;
			proxyType = 1;
			remoteGlobalIDString = 60B0E66D20909DF0006C57F6;
			remoteInfo = YiChuangDemo;
		};
		60B0E69220909DF1006C57F6 /* PBXContainerItemProxy */ = {
			isa = PBXContainerItemProxy;
			containerPortal = 60B0E66620909DF0006C57F6 /* Project object */;
			proxyType = 1;
			remoteGlobalIDString = 60B0E66D20909DF0006C57F6;
			remoteInfo = YiChuangDemo;
		};
/* End PBXContainerItemProxy section */

/* Begin PBXFileReference section */
		2C7A814920A1A33400637D0D /* DYDemoViewController.m */ = {isa = PBXFileReference; fileEncoding = 4; lastKnownFileType = sourcecode.c.objc; path = DYDemoViewController.m; sourceTree = "<group>"; };
		2C7A814A20A1A33400637D0D /* DYDemoViewController.h */ = {isa = PBXFileReference; fileEncoding = 4; lastKnownFileType = sourcecode.c.h; path = DYDemoViewController.h; sourceTree = "<group>"; };
		60B0E66E20909DF0006C57F6 /* YiChuangDemo.app */ = {isa = PBXFileReference; explicitFileType = wrapper.application; includeInIndex = 0; path = YiChuangDemo.app; sourceTree = BUILT_PRODUCTS_DIR; };
		60B0E67120909DF0006C57F6 /* AppDelegate.h */ = {isa = PBXFileReference; lastKnownFileType = sourcecode.c.h; path = AppDelegate.h; sourceTree = "<group>"; };
		60B0E67220909DF1006C57F6 /* AppDelegate.m */ = {isa = PBXFileReference; lastKnownFileType = sourcecode.c.objc; path = AppDelegate.m; sourceTree = "<group>"; };
		60B0E67420909DF1006C57F6 /* ViewController.h */ = {isa = PBXFileReference; lastKnownFileType = sourcecode.c.h; path = ViewController.h; sourceTree = "<group>"; };
		60B0E67520909DF1006C57F6 /* ViewController.m */ = {isa = PBXFileReference; lastKnownFileType = sourcecode.c.objc; path = ViewController.m; sourceTree = "<group>"; };
		60B0E67820909DF1006C57F6 /* Base */ = {isa = PBXFileReference; lastKnownFileType = file.storyboard; name = Base; path = Base.lproj/Main.storyboard; sourceTree = "<group>"; };
		60B0E67A20909DF1006C57F6 /* Assets.xcassets */ = {isa = PBXFileReference; lastKnownFileType = folder.assetcatalog; path = Assets.xcassets; sourceTree = "<group>"; };
		60B0E67D20909DF1006C57F6 /* Base */ = {isa = PBXFileReference; lastKnownFileType = file.storyboard; name = Base; path = Base.lproj/LaunchScreen.storyboard; sourceTree = "<group>"; };
		60B0E67F20909DF1006C57F6 /* Info.plist */ = {isa = PBXFileReference; lastKnownFileType = text.plist.xml; path = Info.plist; sourceTree = "<group>"; };
		60B0E68020909DF1006C57F6 /* main.m */ = {isa = PBXFileReference; lastKnownFileType = sourcecode.c.objc; path = main.m; sourceTree = "<group>"; };
		60B0E68620909DF1006C57F6 /* YiChuangDemoTests.xctest */ = {isa = PBXFileReference; explicitFileType = wrapper.cfbundle; includeInIndex = 0; path = YiChuangDemoTests.xctest; sourceTree = BUILT_PRODUCTS_DIR; };
		60B0E68A20909DF1006C57F6 /* YiChuangDemoTests.m */ = {isa = PBXFileReference; lastKnownFileType = sourcecode.c.objc; path = YiChuangDemoTests.m; sourceTree = "<group>"; };
		60B0E68C20909DF1006C57F6 /* Info.plist */ = {isa = PBXFileReference; lastKnownFileType = text.plist.xml; path = Info.plist; sourceTree = "<group>"; };
		60B0E69120909DF1006C57F6 /* YiChuangDemoUITests.xctest */ = {isa = PBXFileReference; explicitFileType = wrapper.cfbundle; includeInIndex = 0; path = YiChuangDemoUITests.xctest; sourceTree = BUILT_PRODUCTS_DIR; };
		60B0E69520909DF1006C57F6 /* YiChuangDemoUITests.m */ = {isa = PBXFileReference; lastKnownFileType = sourcecode.c.objc; path = YiChuangDemoUITests.m; sourceTree = "<group>"; };
		60B0E69720909DF1006C57F6 /* Info.plist */ = {isa = PBXFileReference; lastKnownFileType = text.plist.xml; path = Info.plist; sourceTree = "<group>"; };
		912F0C2D32646FEFEE230A20 /* Pods-YiChuangDemo.debug.xcconfig */ = {isa = PBXFileReference; includeInIndex = 1; lastKnownFileType = text.xcconfig; name = "Pods-YiChuangDemo.debug.xcconfig"; path = "Pods/Target Support Files/Pods-YiChuangDemo/Pods-YiChuangDemo.debug.xcconfig"; sourceTree = "<group>"; };
		C8ADDFDE24088DF1BAAE8DB4 /* Pods-YiChuangDemo.release.xcconfig */ = {isa = PBXFileReference; includeInIndex = 1; lastKnownFileType = text.xcconfig; name = "Pods-YiChuangDemo.release.xcconfig"; path = "Pods/Target Support Files/Pods-YiChuangDemo/Pods-YiChuangDemo.release.xcconfig"; sourceTree = "<group>"; };
		EBBEBB1DC11ABEB5FC59772D /* libPods-YiChuangDemo.a */ = {isa = PBXFileReference; explicitFileType = archive.ar; includeInIndex = 0; path = "libPods-YiChuangDemo.a"; sourceTree = BUILT_PRODUCTS_DIR; };
		F609787720A463DD006354BA /* YiChuangLibrary.framework */ = {isa = PBXFileReference; lastKnownFileType = wrapper.framework; path = YiChuangLibrary.framework; sourceTree = "<group>"; };
		F609787920A463DD006354BA /* dy_dingpan.db */ = {isa = PBXFileReference; lastKnownFileType = file; path = dy_dingpan.db; sourceTree = "<group>"; };
		F609787A20A463DD006354BA /* DYAppearance.bundle */ = {isa = PBXFileReference; lastKnownFileType = "wrapper.plug-in"; path = DYAppearance.bundle; sourceTree = "<group>"; };
		F609787B20A463DD006354BA /* YiChuangLibrary.bundle */ = {isa = PBXFileReference; lastKnownFileType = "wrapper.plug-in"; path = YiChuangLibrary.bundle; sourceTree = "<group>"; };
		F62F5B23209340C000F88621 /* Security.framework */ = {isa = PBXFileReference; lastKnownFileType = wrapper.framework; name = Security.framework; path = System/Library/Frameworks/Security.framework; sourceTree = SDKROOT; };
		F62F5B25209340CC00F88621 /* Foundation.framework */ = {isa = PBXFileReference; lastKnownFileType = wrapper.framework; name = Foundation.framework; path = System/Library/Frameworks/Foundation.framework; sourceTree = SDKROOT; };
		F62F5B27209340D700F88621 /* CFNetwork.framework */ = {isa = PBXFileReference; lastKnownFileType = wrapper.framework; name = CFNetwork.framework; path = System/Library/Frameworks/CFNetwork.framework; sourceTree = SDKROOT; };
		F62F5B29209340E800F88621 /* libicucore.tbd */ = {isa = PBXFileReference; lastKnownFileType = "sourcecode.text-based-dylib-definition"; name = libicucore.tbd; path = usr/lib/libicucore.tbd; sourceTree = SDKROOT; };
		F65B0D7A209964FD001DCE4C /* MobileCoreServices.framework */ = {isa = PBXFileReference; lastKnownFileType = wrapper.framework; name = MobileCoreServices.framework; path = System/Library/Frameworks/MobileCoreServices.framework; sourceTree = SDKROOT; };
		F6DDFCA42091B10F007B074D /* YCAPPRootViewController.h */ = {isa = PBXFileReference; lastKnownFileType = sourcecode.c.h; path = YCAPPRootViewController.h; sourceTree = "<group>"; };
		F6DDFCA52091B10F007B074D /* YCAPPRootViewController.m */ = {isa = PBXFileReference; lastKnownFileType = sourcecode.c.objc; path = YCAPPRootViewController.m; sourceTree = "<group>"; };
		F6DDFCA72091BB04007B074D /* YCTabBarViewController.h */ = {isa = PBXFileReference; lastKnownFileType = sourcecode.c.h; path = YCTabBarViewController.h; sourceTree = "<group>"; };
		F6DDFCA82091BB04007B074D /* YCTabBarViewController.m */ = {isa = PBXFileReference; lastKnownFileType = sourcecode.c.objc; path = YCTabBarViewController.m; sourceTree = "<group>"; };
/* End PBXFileReference section */

/* Begin PBXFrameworksBuildPhase section */
		60B0E66B20909DF0006C57F6 /* Frameworks */ = {
			isa = PBXFrameworksBuildPhase;
			buildActionMask = 2147483647;
			files = (
				F609787D20A463DD006354BA /* YiChuangLibrary.framework in Frameworks */,
				F62F5B2A209340E800F88621 /* libicucore.tbd in Frameworks */,
				F62F5B28209340D800F88621 /* CFNetwork.framework in Frameworks */,
				F62F5B26209340CC00F88621 /* Foundation.framework in Frameworks */,
				F62F5B24209340C100F88621 /* Security.framework in Frameworks */,
				A9694F4F2A6CF90AE05B99FF /* libPods-YiChuangDemo.a in Frameworks */,
			);
			runOnlyForDeploymentPostprocessing = 0;
		};
		60B0E68320909DF1006C57F6 /* Frameworks */ = {
			isa = PBXFrameworksBuildPhase;
			buildActionMask = 2147483647;
			files = (
			);
			runOnlyForDeploymentPostprocessing = 0;
		};
		60B0E68E20909DF1006C57F6 /* Frameworks */ = {
			isa = PBXFrameworksBuildPhase;
			buildActionMask = 2147483647;
			files = (
			);
			runOnlyForDeploymentPostprocessing = 0;
		};
/* End PBXFrameworksBuildPhase section */

/* Begin PBXGroup section */
		1F64D1CB14BECE689B66E6B7 /* Pods */ = {
			isa = PBXGroup;
			children = (
				912F0C2D32646FEFEE230A20 /* Pods-YiChuangDemo.debug.xcconfig */,
				C8ADDFDE24088DF1BAAE8DB4 /* Pods-YiChuangDemo.release.xcconfig */,
			);
			name = Pods;
			sourceTree = "<group>";
		};
		2C7A814820A1A33400637D0D /* DemoViewController */ = {
			isa = PBXGroup;
			children = (
				2C7A814A20A1A33400637D0D /* DYDemoViewController.h */,
				2C7A814920A1A33400637D0D /* DYDemoViewController.m */,
			);
			path = DemoViewController;
			sourceTree = "<group>";
		};
		60B0E66520909DF0006C57F6 = {
			isa = PBXGroup;
			children = (
				60B0E67020909DF0006C57F6 /* YiChuangDemo */,
				60B0E68920909DF1006C57F6 /* YiChuangDemoTests */,
				60B0E69420909DF1006C57F6 /* YiChuangDemoUITests */,
				60B0E66F20909DF0006C57F6 /* Products */,
				1F64D1CB14BECE689B66E6B7 /* Pods */,
				9B728E71CED78E5DCD6970C9 /* Frameworks */,
			);
			sourceTree = "<group>";
		};
		60B0E66F20909DF0006C57F6 /* Products */ = {
			isa = PBXGroup;
			children = (
				60B0E66E20909DF0006C57F6 /* YiChuangDemo.app */,
				60B0E68620909DF1006C57F6 /* YiChuangDemoTests.xctest */,
				60B0E69120909DF1006C57F6 /* YiChuangDemoUITests.xctest */,
			);
			name = Products;
			sourceTree = "<group>";
		};
		60B0E67020909DF0006C57F6 /* YiChuangDemo */ = {
			isa = PBXGroup;
			children = (
				F609787620A463DD006354BA /* YiChuangFrameWork */,
				2C7A814820A1A33400637D0D /* DemoViewController */,
				60B0E67120909DF0006C57F6 /* AppDelegate.h */,
				60B0E67220909DF1006C57F6 /* AppDelegate.m */,
				60B0E67420909DF1006C57F6 /* ViewController.h */,
				60B0E67520909DF1006C57F6 /* ViewController.m */,
				60B0E67720909DF1006C57F6 /* Main.storyboard */,
				60B0E67A20909DF1006C57F6 /* Assets.xcassets */,
				60B0E67C20909DF1006C57F6 /* LaunchScreen.storyboard */,
				60B0E67F20909DF1006C57F6 /* Info.plist */,
				60B0E68020909DF1006C57F6 /* main.m */,
				F6DDFCA42091B10F007B074D /* YCAPPRootViewController.h */,
				F6DDFCA52091B10F007B074D /* YCAPPRootViewController.m */,
				F6DDFCA72091BB04007B074D /* YCTabBarViewController.h */,
				F6DDFCA82091BB04007B074D /* YCTabBarViewController.m */,
			);
			path = YiChuangDemo;
			sourceTree = "<group>";
		};
		60B0E68920909DF1006C57F6 /* YiChuangDemoTests */ = {
			isa = PBXGroup;
			children = (
				60B0E68A20909DF1006C57F6 /* YiChuangDemoTests.m */,
				60B0E68C20909DF1006C57F6 /* Info.plist */,
			);
			path = YiChuangDemoTests;
			sourceTree = "<group>";
		};
		60B0E69420909DF1006C57F6 /* YiChuangDemoUITests */ = {
			isa = PBXGroup;
			children = (
				60B0E69520909DF1006C57F6 /* YiChuangDemoUITests.m */,
				60B0E69720909DF1006C57F6 /* Info.plist */,
			);
			path = YiChuangDemoUITests;
			sourceTree = "<group>";
		};
		9B728E71CED78E5DCD6970C9 /* Frameworks */ = {
			isa = PBXGroup;
			children = (
				F65B0D7A209964FD001DCE4C /* MobileCoreServices.framework */,
				F62F5B29209340E800F88621 /* libicucore.tbd */,
				F62F5B27209340D700F88621 /* CFNetwork.framework */,
				F62F5B25209340CC00F88621 /* Foundation.framework */,
				F62F5B23209340C000F88621 /* Security.framework */,
				EBBEBB1DC11ABEB5FC59772D /* libPods-YiChuangDemo.a */,
			);
			name = Frameworks;
			sourceTree = "<group>";
		};
		F609787620A463DD006354BA /* YiChuangFrameWork */ = {
			isa = PBXGroup;
			children = (
				F609787720A463DD006354BA /* YiChuangLibrary.framework */,
				F609787820A463DD006354BA /* res */,
			);
			path = YiChuangFrameWork;
			sourceTree = SOURCE_ROOT;
		};
		F609787820A463DD006354BA /* res */ = {
			isa = PBXGroup;
			children = (
				F609787920A463DD006354BA /* dy_dingpan.db */,
				F609787A20A463DD006354BA /* DYAppearance.bundle */,
				F609787B20A463DD006354BA /* YiChuangLibrary.bundle */,
			);
			path = res;
			sourceTree = "<group>";
		};
/* End PBXGroup section */

/* Begin PBXNativeTarget section */
		60B0E66D20909DF0006C57F6 /* YiChuangDemo */ = {
			isa = PBXNativeTarget;
			buildConfigurationList = 60B0E69A20909DF1006C57F6 /* Build configuration list for PBXNativeTarget "YiChuangDemo" */;
			buildPhases = (
				91CCA03E7A3E67C8B33F25AA /* [CP] Check Pods Manifest.lock */,
				60B0E66A20909DF0006C57F6 /* Sources */,
				60B0E66B20909DF0006C57F6 /* Frameworks */,
				60B0E66C20909DF0006C57F6 /* Resources */,
				C40933D3DF6F00C97ED5DC71 /* [CP] Copy Pods Resources */,
			);
			buildRules = (
			);
			dependencies = (
			);
			name = YiChuangDemo;
			productName = YiChuangDemo;
			productReference = 60B0E66E20909DF0006C57F6 /* YiChuangDemo.app */;
			productType = "com.apple.product-type.application";
		};
		60B0E68520909DF1006C57F6 /* YiChuangDemoTests */ = {
			isa = PBXNativeTarget;
			buildConfigurationList = 60B0E69D20909DF1006C57F6 /* Build configuration list for PBXNativeTarget "YiChuangDemoTests" */;
			buildPhases = (
				60B0E68220909DF1006C57F6 /* Sources */,
				60B0E68320909DF1006C57F6 /* Frameworks */,
				60B0E68420909DF1006C57F6 /* Resources */,
			);
			buildRules = (
			);
			dependencies = (
				60B0E68820909DF1006C57F6 /* PBXTargetDependency */,
			);
			name = YiChuangDemoTests;
			productName = YiChuangDemoTests;
			productReference = 60B0E68620909DF1006C57F6 /* YiChuangDemoTests.xctest */;
			productType = "com.apple.product-type.bundle.unit-test";
		};
		60B0E69020909DF1006C57F6 /* YiChuangDemoUITests */ = {
			isa = PBXNativeTarget;
			buildConfigurationList = 60B0E6A020909DF1006C57F6 /* Build configuration list for PBXNativeTarget "YiChuangDemoUITests" */;
			buildPhases = (
				60B0E68D20909DF1006C57F6 /* Sources */,
				60B0E68E20909DF1006C57F6 /* Frameworks */,
				60B0E68F20909DF1006C57F6 /* Resources */,
			);
			buildRules = (
			);
			dependencies = (
				60B0E69320909DF1006C57F6 /* PBXTargetDependency */,
			);
			name = YiChuangDemoUITests;
			productName = YiChuangDemoUITests;
			productReference = 60B0E69120909DF1006C57F6 /* YiChuangDemoUITests.xctest */;
			productType = "com.apple.product-type.bundle.ui-testing";
		};
/* End PBXNativeTarget section */

/* Begin PBXProject section */
		60B0E66620909DF0006C57F6 /* Project object */ = {
			isa = PBXProject;
			attributes = {
				LastUpgradeCheck = 0920;
				ORGANIZATIONNAME = datayes;
				TargetAttributes = {
					60B0E66D20909DF0006C57F6 = {
						CreatedOnToolsVersion = 9.2;
						ProvisioningStyle = Automatic;
					};
					60B0E68520909DF1006C57F6 = {
						CreatedOnToolsVersion = 9.2;
						ProvisioningStyle = Automatic;
						TestTargetID = 60B0E66D20909DF0006C57F6;
					};
					60B0E69020909DF1006C57F6 = {
						CreatedOnToolsVersion = 9.2;
						ProvisioningStyle = Automatic;
						TestTargetID = 60B0E66D20909DF0006C57F6;
					};
				};
			};
			buildConfigurationList = 60B0E66920909DF0006C57F6 /* Build configuration list for PBXProject "YiChuangDemo" */;
			compatibilityVersion = "Xcode 8.0";
			developmentRegion = en;
			hasScannedForEncodings = 0;
			knownRegions = (
				en,
				Base,
			);
			mainGroup = 60B0E66520909DF0006C57F6;
			productRefGroup = 60B0E66F20909DF0006C57F6 /* Products */;
			projectDirPath = "";
			projectRoot = "";
			targets = (
				60B0E66D20909DF0006C57F6 /* YiChuangDemo */,
				60B0E68520909DF1006C57F6 /* YiChuangDemoTests */,
				60B0E69020909DF1006C57F6 /* YiChuangDemoUITests */,
			);
		};
/* End PBXProject section */

/* Begin PBXResourcesBuildPhase section */
		60B0E66C20909DF0006C57F6 /* Resources */ = {
			isa = PBXResourcesBuildPhase;
			buildActionMask = 2147483647;
			files = (
				F609787F20A463DD006354BA /* DYAppearance.bundle in Resources */,
				F609788020A463DD006354BA /* YiChuangLibrary.bundle in Resources */,
				60B0E67E20909DF1006C57F6 /* LaunchScreen.storyboard in Resources */,
				60B0E67B20909DF1006C57F6 /* Assets.xcassets in Resources */,
				F609787E20A463DD006354BA /* dy_dingpan.db in Resources */,
				60B0E67920909DF1006C57F6 /* Main.storyboard in Resources */,
			);
			runOnlyForDeploymentPostprocessing = 0;
		};
		60B0E68420909DF1006C57F6 /* Resources */ = {
			isa = PBXResourcesBuildPhase;
			buildActionMask = 2147483647;
			files = (
			);
			runOnlyForDeploymentPostprocessing = 0;
		};
		60B0E68F20909DF1006C57F6 /* Resources */ = {
			isa = PBXResourcesBuildPhase;
			buildActionMask = 2147483647;
			files = (
			);
			runOnlyForDeploymentPostprocessing = 0;
		};
/* End PBXResourcesBuildPhase section */

/* Begin PBXShellScriptBuildPhase section */
		91CCA03E7A3E67C8B33F25AA /* [CP] Check Pods Manifest.lock */ = {
			isa = PBXShellScriptBuildPhase;
			buildActionMask = 2147483647;
			files = (
			);
			inputPaths = (
				"${PODS_PODFILE_DIR_PATH}/Podfile.lock",
				"${PODS_ROOT}/Manifest.lock",
			);
			name = "[CP] Check Pods Manifest.lock";
			outputPaths = (
				"$(DERIVED_FILE_DIR)/Pods-YiChuangDemo-checkManifestLockResult.txt",
			);
			runOnlyForDeploymentPostprocessing = 0;
			shellPath = /bin/sh;
			shellScript = "diff \"${PODS_PODFILE_DIR_PATH}/Podfile.lock\" \"${PODS_ROOT}/Manifest.lock\" > /dev/null\nif [ $? != 0 ] ; then\n    # print error to STDERR\n    echo \"error: The sandbox is not in sync with the Podfile.lock. Run 'pod install' or update your CocoaPods installation.\" >&2\n    exit 1\nfi\n# This output is used by Xcode 'outputs' to avoid re-running this script phase.\necho \"SUCCESS\" > \"${SCRIPT_OUTPUT_FILE_0}\"\n";
			showEnvVarsInLog = 0;
		};
		C40933D3DF6F00C97ED5DC71 /* [CP] Copy Pods Resources */ = {
			isa = PBXShellScriptBuildPhase;
			buildActionMask = 2147483647;
			files = (
			);
			inputPaths = (
				"${SRCROOT}/Pods/Target Support Files/Pods-YiChuangDemo/Pods-YiChuangDemo-resources.sh",
				"${PODS_ROOT}/MJRefresh/MJRefresh/MJRefresh.bundle",
			);
			name = "[CP] Copy Pods Resources";
			outputPaths = (
				"${TARGET_BUILD_DIR}/${UNLOCALIZED_RESOURCES_FOLDER_PATH}/MJRefresh.bundle",
			);
			runOnlyForDeploymentPostprocessing = 0;
			shellPath = /bin/sh;
			shellScript = "\"${SRCROOT}/Pods/Target Support Files/Pods-YiChuangDemo/Pods-YiChuangDemo-resources.sh\"\n";
			showEnvVarsInLog = 0;
		};
/* End PBXShellScriptBuildPhase section */

/* Begin PBXSourcesBuildPhase section */
		60B0E66A20909DF0006C57F6 /* Sources */ = {
			isa = PBXSourcesBuildPhase;
			buildActionMask = 2147483647;
			files = (
				2C7A814B20A1A33400637D0D /* DYDemoViewController.m in Sources */,
				F6DDFCA62091B10F007B074D /* YCAPPRootViewController.m in Sources */,
				F6DDFCA92091BB04007B074D /* YCTabBarViewController.m in Sources */,
				60B0E67620909DF1006C57F6 /* ViewController.m in Sources */,
				60B0E68120909DF1006C57F6 /* main.m in Sources */,
				60B0E67320909DF1006C57F6 /* AppDelegate.m in Sources */,
			);
			runOnlyForDeploymentPostprocessing = 0;
		};
		60B0E68220909DF1006C57F6 /* Sources */ = {
			isa = PBXSourcesBuildPhase;
			buildActionMask = 2147483647;
			files = (
				60B0E68B20909DF1006C57F6 /* YiChuangDemoTests.m in Sources */,
			);
			runOnlyForDeploymentPostprocessing = 0;
		};
		60B0E68D20909DF1006C57F6 /* Sources */ = {
			isa = PBXSourcesBuildPhase;
			buildActionMask = 2147483647;
			files = (
				60B0E69620909DF1006C57F6 /* YiChuangDemoUITests.m in Sources */,
			);
			runOnlyForDeploymentPostprocessing = 0;
		};
/* End PBXSourcesBuildPhase section */

/* Begin PBXTargetDependency section */
		60B0E68820909DF1006C57F6 /* PBXTargetDependency */ = {
			isa = PBXTargetDependency;
			target = 60B0E66D20909DF0006C57F6 /* YiChuangDemo */;
			targetProxy = 60B0E68720909DF1006C57F6 /* PBXContainerItemProxy */;
		};
		60B0E69320909DF1006C57F6 /* PBXTargetDependency */ = {
			isa = PBXTargetDependency;
			target = 60B0E66D20909DF0006C57F6 /* YiChuangDemo */;
			targetProxy = 60B0E69220909DF1006C57F6 /* PBXContainerItemProxy */;
		};
/* End PBXTargetDependency section */

/* Begin PBXVariantGroup section */
		60B0E67720909DF1006C57F6 /* Main.storyboard */ = {
			isa = PBXVariantGroup;
			children = (
				60B0E67820909DF1006C57F6 /* Base */,
			);
			name = Main.storyboard;
			sourceTree = "<group>";
		};
		60B0E67C20909DF1006C57F6 /* LaunchScreen.storyboard */ = {
			isa = PBXVariantGroup;
			children = (
				60B0E67D20909DF1006C57F6 /* Base */,
			);
			name = LaunchScreen.storyboard;
			sourceTree = "<group>";
		};
/* End PBXVariantGroup section */

/* Begin XCBuildConfiguration section */
		60B0E69820909DF1006C57F6 /* Debug */ = {
			isa = XCBuildConfiguration;
			buildSettings = {
				ALWAYS_SEARCH_USER_PATHS = NO;
				CLANG_ANALYZER_NONNULL = YES;
				CLANG_ANALYZER_NUMBER_OBJECT_CONVERSION = YES_AGGRESSIVE;
				CLANG_CXX_LANGUAGE_STANDARD = "gnu++14";
				CLANG_CXX_LIBRARY = "libc++";
				CLANG_ENABLE_MODULES = YES;
				CLANG_ENABLE_OBJC_ARC = YES;
				CLANG_WARN_BLOCK_CAPTURE_AUTORELEASING = YES;
				CLANG_WARN_BOOL_CONVERSION = YES;
				CLANG_WARN_COMMA = YES;
				CLANG_WARN_CONSTANT_CONVERSION = YES;
				CLANG_WARN_DIRECT_OBJC_ISA_USAGE = YES_ERROR;
				CLANG_WARN_DOCUMENTATION_COMMENTS = YES;
				CLANG_WARN_EMPTY_BODY = YES;
				CLANG_WARN_ENUM_CONVERSION = YES;
				CLANG_WARN_INFINITE_RECURSION = YES;
				CLANG_WARN_INT_CONVERSION = YES;
				CLANG_WARN_NON_LITERAL_NULL_CONVERSION = YES;
				CLANG_WARN_OBJC_LITERAL_CONVERSION = YES;
				CLANG_WARN_OBJC_ROOT_CLASS = YES_ERROR;
				CLANG_WARN_RANGE_LOOP_ANALYSIS = YES;
				CLANG_WARN_STRICT_PROTOTYPES = YES;
				CLANG_WARN_SUSPICIOUS_MOVE = YES;
				CLANG_WARN_UNGUARDED_AVAILABILITY = YES_AGGRESSIVE;
				CLANG_WARN_UNREACHABLE_CODE = YES;
				CLANG_WARN__DUPLICATE_METHOD_MATCH = YES;
				CODE_SIGN_IDENTITY = "iPhone Developer";
				COPY_PHASE_STRIP = NO;
				DEBUG_INFORMATION_FORMAT = dwarf;
				ENABLE_STRICT_OBJC_MSGSEND = YES;
				ENABLE_TESTABILITY = YES;
				GCC_C_LANGUAGE_STANDARD = gnu11;
				GCC_DYNAMIC_NO_PIC = NO;
				GCC_NO_COMMON_BLOCKS = YES;
				GCC_OPTIMIZATION_LEVEL = 0;
				GCC_PREPROCESSOR_DEFINITIONS = (
					"DEBUG=1",
					"$(inherited)",
				);
				GCC_WARN_64_TO_32_BIT_CONVERSION = YES;
				GCC_WARN_ABOUT_RETURN_TYPE = YES_ERROR;
				GCC_WARN_UNDECLARED_SELECTOR = YES;
				GCC_WARN_UNINITIALIZED_AUTOS = YES_AGGRESSIVE;
				GCC_WARN_UNUSED_FUNCTION = YES;
				GCC_WARN_UNUSED_VARIABLE = YES;
				IPHONEOS_DEPLOYMENT_TARGET = 11.2;
				MTL_ENABLE_DEBUG_INFO = YES;
				ONLY_ACTIVE_ARCH = YES;
				SDKROOT = iphoneos;
			};
			name = Debug;
		};
		60B0E69920909DF1006C57F6 /* Release */ = {
			isa = XCBuildConfiguration;
			buildSettings = {
				ALWAYS_SEARCH_USER_PATHS = NO;
				CLANG_ANALYZER_NONNULL = YES;
				CLANG_ANALYZER_NUMBER_OBJECT_CONVERSION = YES_AGGRESSIVE;
				CLANG_CXX_LANGUAGE_STANDARD = "gnu++14";
				CLANG_CXX_LIBRARY = "libc++";
				CLANG_ENABLE_MODULES = YES;
				CLANG_ENABLE_OBJC_ARC = YES;
				CLANG_WARN_BLOCK_CAPTURE_AUTORELEASING = YES;
				CLANG_WARN_BOOL_CONVERSION = YES;
				CLANG_WARN_COMMA = YES;
				CLANG_WARN_CONSTANT_CONVERSION = YES;
				CLANG_WARN_DIRECT_OBJC_ISA_USAGE = YES_ERROR;
				CLANG_WARN_DOCUMENTATION_COMMENTS = YES;
				CLANG_WARN_EMPTY_BODY = YES;
				CLANG_WARN_ENUM_CONVERSION = YES;
				CLANG_WARN_INFINITE_RECURSION = YES;
				CLANG_WARN_INT_CONVERSION = YES;
				CLANG_WARN_NON_LITERAL_NULL_CONVERSION = YES;
				CLANG_WARN_OBJC_LITERAL_CONVERSION = YES;
				CLANG_WARN_OBJC_ROOT_CLASS = YES_ERROR;
				CLANG_WARN_RANGE_LOOP_ANALYSIS = YES;
				CLANG_WARN_STRICT_PROTOTYPES = YES;
				CLANG_WARN_SUSPICIOUS_MOVE = YES;
				CLANG_WARN_UNGUARDED_AVAILABILITY = YES_AGGRESSIVE;
				CLANG_WARN_UNREACHABLE_CODE = YES;
				CLANG_WARN__DUPLICATE_METHOD_MATCH = YES;
				CODE_SIGN_IDENTITY = "iPhone Developer";
				COPY_PHASE_STRIP = NO;
				DEBUG_INFORMATION_FORMAT = "dwarf-with-dsym";
				ENABLE_NS_ASSERTIONS = NO;
				ENABLE_STRICT_OBJC_MSGSEND = YES;
				GCC_C_LANGUAGE_STANDARD = gnu11;
				GCC_NO_COMMON_BLOCKS = YES;
				GCC_WARN_64_TO_32_BIT_CONVERSION = YES;
				GCC_WARN_ABOUT_RETURN_TYPE = YES_ERROR;
				GCC_WARN_UNDECLARED_SELECTOR = YES;
				GCC_WARN_UNINITIALIZED_AUTOS = YES_AGGRESSIVE;
				GCC_WARN_UNUSED_FUNCTION = YES;
				GCC_WARN_UNUSED_VARIABLE = YES;
				IPHONEOS_DEPLOYMENT_TARGET = 11.2;
				MTL_ENABLE_DEBUG_INFO = NO;
				SDKROOT = iphoneos;
				VALIDATE_PRODUCT = YES;
			};
			name = Release;
		};
		60B0E69B20909DF1006C57F6 /* Debug */ = {
			isa = XCBuildConfiguration;
			baseConfigurationReference = 912F0C2D32646FEFEE230A20 /* Pods-YiChuangDemo.debug.xcconfig */;
			buildSettings = {
				ASSETCATALOG_COMPILER_APPICON_NAME = AppIcon;
				CODE_SIGN_STYLE = Automatic;
				DEVELOPMENT_TEAM = 7Y78R63432;
				ENABLE_BITCODE = NO;
				FRAMEWORK_SEARCH_PATHS = (
					"$(inherited)",
					"$(PROJECT_DIR)/YiChuangDemo",
					"$(PROJECT_DIR)/YiChuangFrameWork",
				);
				INFOPLIST_FILE = YiChuangDemo/Info.plist;
				IPHONEOS_DEPLOYMENT_TARGET = 7.0;
				LD_RUNPATH_SEARCH_PATHS = "$(inherited) @executable_path/Frameworks";
				OTHER_LDFLAGS = "$(inherited)";
				PRODUCT_BUNDLE_IDENTIFIER = com.datayes.YiChuangDemo;
				PRODUCT_NAME = "$(TARGET_NAME)";
				TARGETED_DEVICE_FAMILY = 1;
			};
			name = Debug;
		};
		60B0E69C20909DF1006C57F6 /* Release */ = {
			isa = XCBuildConfiguration;
			baseConfigurationReference = C8ADDFDE24088DF1BAAE8DB4 /* Pods-YiChuangDemo.release.xcconfig */;
			buildSettings = {
				ASSETCATALOG_COMPILER_APPICON_NAME = AppIcon;
				CODE_SIGN_STYLE = Automatic;
				DEVELOPMENT_TEAM = 7Y78R63432;
				ENABLE_BITCODE = NO;
				FRAMEWORK_SEARCH_PATHS = (
					"$(inherited)",
					"$(PROJECT_DIR)/YiChuangDemo",
					"$(PROJECT_DIR)/YiChuangFrameWork",
				);
				INFOPLIST_FILE = YiChuangDemo/Info.plist;
				IPHONEOS_DEPLOYMENT_TARGET = 7.0;
				LD_RUNPATH_SEARCH_PATHS = "$(inherited) @executable_path/Frameworks";
				OTHER_LDFLAGS = "$(inherited)";
				PRODUCT_BUNDLE_IDENTIFIER = com.datayes.YiChuangDemo;
				PRODUCT_NAME = "$(TARGET_NAME)";
				TARGETED_DEVICE_FAMILY = 1;
			};
			name = Release;
		};
		60B0E69E20909DF1006C57F6 /* Debug */ = {
			isa = XCBuildConfiguration;
			buildSettings = {
				BUNDLE_LOADER = "$(TEST_HOST)";
				CODE_SIGN_STYLE = Automatic;
				DEVELOPMENT_TEAM = 54LMN39WV7;
				INFOPLIST_FILE = YiChuangDemoTests/Info.plist;
				LD_RUNPATH_SEARCH_PATHS = "$(inherited) @executable_path/Frameworks @loader_path/Frameworks";
				PRODUCT_BUNDLE_IDENTIFIER = com.datayes.YiChuangDemoTests;
				PRODUCT_NAME = "$(TARGET_NAME)";
				TARGETED_DEVICE_FAMILY = "1,2";
				TEST_HOST = "$(BUILT_PRODUCTS_DIR)/YiChuangDemo.app/YiChuangDemo";
			};
			name = Debug;
		};
		60B0E69F20909DF1006C57F6 /* Release */ = {
			isa = XCBuildConfiguration;
			buildSettings = {
				BUNDLE_LOADER = "$(TEST_HOST)";
				CODE_SIGN_STYLE = Automatic;
				DEVELOPMENT_TEAM = 54LMN39WV7;
				INFOPLIST_FILE = YiChuangDemoTests/Info.plist;
				LD_RUNPATH_SEARCH_PATHS = "$(inherited) @executable_path/Frameworks @loader_path/Frameworks";
				PRODUCT_BUNDLE_IDENTIFIER = com.datayes.YiChuangDemoTests;
				PRODUCT_NAME = "$(TARGET_NAME)";
				TARGETED_DEVICE_FAMILY = "1,2";
				TEST_HOST = "$(BUILT_PRODUCTS_DIR)/YiChuangDemo.app/YiChuangDemo";
			};
			name = Release;
		};
		60B0E6A120909DF1006C57F6 /* Debug */ = {
			isa = XCBuildConfiguration;
			buildSettings = {
				CODE_SIGN_STYLE = Automatic;
				DEVELOPMENT_TEAM = 7Y78R63432;
				INFOPLIST_FILE = YiChuangDemoUITests/Info.plist;
				LD_RUNPATH_SEARCH_PATHS = "$(inherited) @executable_path/Frameworks @loader_path/Frameworks";
				PRODUCT_BUNDLE_IDENTIFIER = com.datayes.YiChuangDemoUITests;
				PRODUCT_NAME = "$(TARGET_NAME)";
				TARGETED_DEVICE_FAMILY = "1,2";
				TEST_TARGET_NAME = YiChuangDemo;
			};
			name = Debug;
		};
		60B0E6A220909DF1006C57F6 /* Release */ = {
			isa = XCBuildConfiguration;
			buildSettings = {
				CODE_SIGN_STYLE = Automatic;
				DEVELOPMENT_TEAM = 7Y78R63432;
				INFOPLIST_FILE = YiChuangDemoUITests/Info.plist;
				LD_RUNPATH_SEARCH_PATHS = "$(inherited) @executable_path/Frameworks @loader_path/Frameworks";
				PRODUCT_BUNDLE_IDENTIFIER = com.datayes.YiChuangDemoUITests;
				PRODUCT_NAME = "$(TARGET_NAME)";
				TARGETED_DEVICE_FAMILY = "1,2";
				TEST_TARGET_NAME = YiChuangDemo;
			};
			name = Release;
		};
/* End XCBuildConfiguration section */

/* Begin XCConfigurationList section */
		60B0E66920909DF0006C57F6 /* Build configuration list for PBXProject "YiChuangDemo" */ = {
			isa = XCConfigurationList;
			buildConfigurations = (
				60B0E69820909DF1006C57F6 /* Debug */,
				60B0E69920909DF1006C57F6 /* Release */,
			);
			defaultConfigurationIsVisible = 0;
			defaultConfigurationName = Release;
		};
		60B0E69A20909DF1006C57F6 /* Build configuration list for PBXNativeTarget "YiChuangDemo" */ = {
			isa = XCConfigurationList;
			buildConfigurations = (
				60B0E69B20909DF1006C57F6 /* Debug */,
				60B0E69C20909DF1006C57F6 /* Release */,
			);
			defaultConfigurationIsVisible = 0;
			defaultConfigurationName = Release;
		};
		60B0E69D20909DF1006C57F6 /* Build configuration list for PBXNativeTarget "YiChuangDemoTests" */ = {
			isa = XCConfigurationList;
			buildConfigurations = (
				60B0E69E20909DF1006C57F6 /* Debug */,
				60B0E69F20909DF1006C57F6 /* Release */,
			);
			defaultConfigurationIsVisible = 0;
			defaultConfigurationName = Release;
		};
		60B0E6A020909DF1006C57F6 /* Build configuration list for PBXNativeTarget "YiChuangDemoUITests" */ = {
			isa = XCConfigurationList;
			buildConfigurations = (
				60B0E6A120909DF1006C57F6 /* Debug */,
				60B0E6A220909DF1006C57F6 /* Release */,
			);
			defaultConfigurationIsVisible = 0;
			defaultConfigurationName = Release;
		};
/* End XCConfigurationList section */
	};
	rootObject = 60B0E66620909DF0006C57F6 /* Project object */;
}
